PODS:
  - dart_duckdb (1.4.4):
    - FlutterMacOS
  - FlutterMacOS (1.0.0)

DEPENDENCIES:
  - dart_duckdb (from `Flutter/ephemeral/.symlinks/plugins/dart_duckdb/macos`)
  - FlutterMacOS (from `Flutter/ephemeral`)

EXTERNAL SOURCES:
  dart_duckdb:
    :path: Flutter/ephemeral/.symlinks/plugins/dart_duckdb/macos
  FlutterMacOS:
    :path: Flutter/ephemeral

SPEC CHECKSUMS:
  dart_duckdb: 40ffc4770c12ec368d6a10ca165f7729b61c8d1d
  FlutterMacOS: c232990155153907050900a2e175c7773903ba4e

PODFILE CHECKSUM: 1e95c36afbfd1cb6423ceca4de7a8e1b256fb6ac

COCOAPODS: 1.16.2
